{
  "name": "paydro_free_puso",
  "version": "0.1.0",
  "lockfileVersion": 1,
  "requires": true,
  "dependencies": {
    "@vtex/react-csv-parse": {
      "version": "3.0.2",
      "resolved": "https://registry.npmjs.org/@vtex/react-csv-parse/-/react-csv-parse-3.0.2.tgz",
      "integrity": "sha512-eVV22M+FoQKeLGYtQGYcgc62gjJdE4LBCXevSiuSEeOFf/1c6koz/E5QEJFf//+iDBrN7zqEcOHozkDtEd5Bcg==",
      "requires": {
        "papaparse": "4.6.0",
        "ramda": "0.25.0"
      }
    },
    "papaparse": {
      "version": "4.6.0",
      "resolved": "https://registry.npmjs.org/papaparse/-/papaparse-4.6.0.tgz",
      "integrity": "sha512-ylm8pmgyz9rkS3Ng/ru5tHUF3JxWwKYP0aZZWZ8eCGdSxoqgYiDUXLNQei73mUJOjHw8QNu5ZNCsLoDpkMA6sg=="
    },
    "ramda": {
      "version": "0.25.0",
      "resolved": "https://registry.npmjs.org/ramda/-/ramda-0.25.0.tgz",
      "integrity": "sha512-GXpfrYVPwx3K7RQ6aYT8KPS8XViSXUVJT1ONhoKPE9VAleW42YE+U+8VEyGWt41EnEQW7gwecYJriTI0pKoecQ=="
    }
  }
}
